// !$*UTF8*$!
{
	archiveVersion = 1;
	classes = {
	};
	objectVersion = 50;
	objects = {

/* Begin PBXBuildFile section */
		F6848A7C2214460400DD1EEA /* EmailSync.framework in Frameworks */ = {isa = PBXBuildFile; fileRef = F6848A722214460400DD1EEA /* EmailSync.framework */; };
		F6848A812214460400DD1EEA /* EmailSyncTests.swift in Sources */ = {isa = PBXBuildFile; fileRef = F6848A802214460400DD1EEA /* EmailSyncTests.swift */; };
		F6848A932214464F00DD1EEA /* EmailPersistanceContainer.swift in Sources */ = {isa = PBXBuildFile; fileRef = F6848A8F2214464F00DD1EEA /* EmailPersistanceContainer.swift */; };
		F6848A942214464F00DD1EEA /* Email.xcdatamodeld in Sources */ = {isa = PBXBuildFile; fileRef = F6848A902214464F00DD1EEA /* Email.xcdatamodeld */; };
		F6848A952214464F00DD1EEA /* DataProvider.swift in Sources */ = {isa = PBXBuildFile; fileRef = F6848A922214464F00DD1EEA /* DataProvider.swift */; };
		F6848AA2221447CE00DD1EEA /* Module.swift in Sources */ = {isa = PBXBuildFile; fileRef = F6848AA1221447CE00DD1EEA /* Module.swift */; };
		F6848ABB2214483E00DD1EEA /* Networking.framework in Frameworks */ = {isa = PBXBuildFile; fileRef = F6848AB42214480600DD1EEA /* Networking.framework */; };
/* End PBXBuildFile section */

/* Begin PBXContainerItemProxy section */
		F6848A7D2214460400DD1EEA /* PBXContainerItemProxy */ = {
			isa = PBXContainerItemProxy;
			containerPortal = F6848A692214460300DD1EEA /* Project object */;
			proxyType = 1;
			remoteGlobalIDString = F6848A712214460400DD1EEA;
			remoteInfo = EmailSync;
		};
		F6848AB32214480600DD1EEA /* PBXContainerItemProxy */ = {
			isa = PBXContainerItemProxy;
			containerPortal = F6848AAE2214480600DD1EEA /* Networking.xcodeproj */;
			proxyType = 2;
			remoteGlobalIDString = F6C93AA8220D9506004A6737;
			remoteInfo = Networking;
		};
		F6848AB52214480600DD1EEA /* PBXContainerItemProxy */ = {
			isa = PBXContainerItemProxy;
			containerPortal = F6848AAE2214480600DD1EEA /* Networking.xcodeproj */;
			proxyType = 2;
			remoteGlobalIDString = F6C93AB1220D9506004A6737;
			remoteInfo = NetworkingTests;
		};
/* End PBXContainerItemProxy section */

/* Begin PBXFileReference section */
		F6848A722214460400DD1EEA /* EmailSync.framework */ = {isa = PBXFileReference; explicitFileType = wrapper.framework; includeInIndex = 0; path = EmailSync.framework; sourceTree = BUILT_PRODUCTS_DIR; };
		F6848A762214460400DD1EEA /* Info.plist */ = {isa = PBXFileReference; lastKnownFileType = text.plist.xml; path = Info.plist; sourceTree = "<group>"; };
		F6848A7B2214460400DD1EEA /* EmailSyncTests.xctest */ = {isa = PBXFileReference; explicitFileType = wrapper.cfbundle; includeInIndex = 0; path = EmailSyncTests.xctest; sourceTree = BUILT_PRODUCTS_DIR; };
		F6848A802214460400DD1EEA /* EmailSyncTests.swift */ = {isa = PBXFileReference; lastKnownFileType = sourcecode.swift; path = EmailSyncTests.swift; sourceTree = "<group>"; };
		F6848A822214460400DD1EEA /* Info.plist */ = {isa = PBXFileReference; lastKnownFileType = text.plist.xml; path = Info.plist; sourceTree = "<group>"; };
		F6848A8F2214464F00DD1EEA /* EmailPersistanceContainer.swift */ = {isa = PBXFileReference; fileEncoding = 4; lastKnownFileType = sourcecode.swift; path = EmailPersistanceContainer.swift; sourceTree = "<group>"; };
		F6848A912214464F00DD1EEA /* Email.xcdatamodel */ = {isa = PBXFileReference; lastKnownFileType = wrapper.xcdatamodel; path = Email.xcdatamodel; sourceTree = "<group>"; };
		F6848A922214464F00DD1EEA /* DataProvider.swift */ = {isa = PBXFileReference; fileEncoding = 4; lastKnownFileType = sourcecode.swift; path = DataProvider.swift; sourceTree = "<group>"; };
		F6848AA1221447CE00DD1EEA /* Module.swift */ = {isa = PBXFileReference; lastKnownFileType = sourcecode.swift; path = Module.swift; sourceTree = "<group>"; };
		F6848AAE2214480600DD1EEA /* Networking.xcodeproj */ = {isa = PBXFileReference; lastKnownFileType = "wrapper.pb-project"; name = Networking.xcodeproj; path = ../MOANetworking/Networking.xcodeproj; sourceTree = "<group>"; };
/* End PBXFileReference section */

/* Begin PBXFrameworksBuildPhase section */
		F6848A6F2214460400DD1EEA /* Frameworks */ = {
			isa = PBXFrameworksBuildPhase;
			buildActionMask = 2147483647;
			files = (
				F6848ABB2214483E00DD1EEA /* Networking.framework in Frameworks */,
			);
			runOnlyForDeploymentPostprocessing = 0;
		};
		F6848A782214460400DD1EEA /* Frameworks */ = {
			isa = PBXFrameworksBuildPhase;
			buildActionMask = 2147483647;
			files = (
				F6848A7C2214460400DD1EEA /* EmailSync.framework in Frameworks */,
			);
			runOnlyForDeploymentPostprocessing = 0;
		};
/* End PBXFrameworksBuildPhase section */

/* Begin PBXGroup section */
		F6848A682214460300DD1EEA = {
			isa = PBXGroup;
			children = (
				F6848AAE2214480600DD1EEA /* Networking.xcodeproj */,
				F6848A742214460400DD1EEA /* EmailSync */,
				F6848A7F2214460400DD1EEA /* EmailSyncTests */,
				F6848A732214460400DD1EEA /* Products */,
				F6848AB82214483E00DD1EEA /* Frameworks */,
			);
			sourceTree = "<group>";
		};
		F6848A732214460400DD1EEA /* Products */ = {
			isa = PBXGroup;
			children = (
				F6848A722214460400DD1EEA /* EmailSync.framework */,
				F6848A7B2214460400DD1EEA /* EmailSyncTests.xctest */,
			);
			name = Products;
			sourceTree = "<group>";
		};
		F6848A742214460400DD1EEA /* EmailSync */ = {
			isa = PBXGroup;
			children = (
				F6848A762214460400DD1EEA /* Info.plist */,
				F6848AA1221447CE00DD1EEA /* Module.swift */,
				F6848A8E2214464F00DD1EEA /* Entities */,
			);
			path = EmailSync;
			sourceTree = "<group>";
		};
		F6848A7F2214460400DD1EEA /* EmailSyncTests */ = {
			isa = PBXGroup;
			children = (
				F6848A802214460400DD1EEA /* EmailSyncTests.swift */,
				F6848A822214460400DD1EEA /* Info.plist */,
			);
			path = EmailSyncTests;
			sourceTree = "<group>";
		};
		F6848A8E2214464F00DD1EEA /* Entities */ = {
			isa = PBXGroup;
			children = (
				F6848A8F2214464F00DD1EEA /* EmailPersistanceContainer.swift */,
				F6848A902214464F00DD1EEA /* Email.xcdatamodeld */,
				F6848A922214464F00DD1EEA /* DataProvider.swift */,
			);
			path = Entities;
			sourceTree = "<group>";
		};
		F6848AAF2214480600DD1EEA /* Products */ = {
			isa = PBXGroup;
			children = (
				F6848AB42214480600DD1EEA /* Networking.framework */,
				F6848AB62214480600DD1EEA /* NetworkingTests.xctest */,
			);
			name = Products;
			sourceTree = "<group>";
		};
		F6848AB82214483E00DD1EEA /* Frameworks */ = {
			isa = PBXGroup;
			children = (
			);
			name = Frameworks;
			sourceTree = "<group>";
		};
/* End PBXGroup section */

/* Begin PBXHeadersBuildPhase section */
		F6848A6D2214460400DD1EEA /* Headers */ = {
			isa = PBXHeadersBuildPhase;
			buildActionMask = 2147483647;
			files = (
			);
			runOnlyForDeploymentPostprocessing = 0;
		};
/* End PBXHeadersBuildPhase section */

/* Begin PBXNativeTarget section */
		F6848A712214460400DD1EEA /* EmailSync */ = {
			isa = PBXNativeTarget;
			buildConfigurationList = F6848A862214460400DD1EEA /* Build configuration list for PBXNativeTarget "EmailSync" */;
			buildPhases = (
				F6848A6D2214460400DD1EEA /* Headers */,
				F6848A6E2214460400DD1EEA /* Sources */,
				F6848A6F2214460400DD1EEA /* Frameworks */,
				F6848A702214460400DD1EEA /* Resources */,
			);
			buildRules = (
			);
			dependencies = (
			);
			name = EmailSync;
			productName = EmailSync;
			productReference = F6848A722214460400DD1EEA /* EmailSync.framework */;
			productType = "com.apple.product-type.framework";
		};
		F6848A7A2214460400DD1EEA /* EmailSyncTests */ = {
			isa = PBXNativeTarget;
			buildConfigurationList = F6848A892214460400DD1EEA /* Build configuration list for PBXNativeTarget "EmailSyncTests" */;
			buildPhases = (
				F6848A772214460400DD1EEA /* Sources */,
				F6848A782214460400DD1EEA /* Frameworks */,
				F6848A792214460400DD1EEA /* Resources */,
			);
			buildRules = (
			);
			dependencies = (
				F6848A7E2214460400DD1EEA /* PBXTargetDependency */,
			);
			name = EmailSyncTests;
			productName = EmailSyncTests;
			productReference = F6848A7B2214460400DD1EEA /* EmailSyncTests.xctest */;
			productType = "com.apple.product-type.bundle.unit-test";
		};
/* End PBXNativeTarget section */

/* Begin PBXProject section */
		F6848A692214460300DD1EEA /* Project object */ = {
			isa = PBXProject;
			attributes = {
				LastSwiftUpdateCheck = 1010;
				LastUpgradeCheck = 1010;
				ORGANIZATIONNAME = "Karim Alweheshy";
				TargetAttributes = {
					F6848A712214460400DD1EEA = {
						CreatedOnToolsVersion = 10.1;
					};
					F6848A7A2214460400DD1EEA = {
						CreatedOnToolsVersion = 10.1;
					};
				};
			};
			buildConfigurationList = F6848A6C2214460300DD1EEA /* Build configuration list for PBXProject "EmailSync" */;
			compatibilityVersion = "Xcode 9.3";
			developmentRegion = en;
			hasScannedForEncodings = 0;
			knownRegions = (
				en,
			);
			mainGroup = F6848A682214460300DD1EEA;
			productRefGroup = F6848A732214460400DD1EEA /* Products */;
			projectDirPath = "";
			projectReferences = (
				{
					ProductGroup = F6848AAF2214480600DD1EEA /* Products */;
					ProjectRef = F6848AAE2214480600DD1EEA /* Networking.xcodeproj */;
				},
			);
			projectRoot = "";
			targets = (
				F6848A712214460400DD1EEA /* EmailSync */,
				F6848A7A2214460400DD1EEA /* EmailSyncTests */,
			);
		};
/* End PBXProject section */

/* Begin PBXReferenceProxy section */
		F6848AB42214480600DD1EEA /* Networking.framework */ = {
			isa = PBXReferenceProxy;
			fileType = wrapper.framework;
			path = Networking.framework;
			remoteRef = F6848AB32214480600DD1EEA /* PBXContainerItemProxy */;
			sourceTree = BUILT_PRODUCTS_DIR;
		};
		F6848AB62214480600DD1EEA /* NetworkingTests.xctest */ = {
			isa = PBXReferenceProxy;
			fileType = wrapper.cfbundle;
			path = NetworkingTests.xctest;
			remoteRef = F6848AB52214480600DD1EEA /* PBXContainerItemProxy */;
			sourceTree = BUILT_PRODUCTS_DIR;
		};
/* End PBXReferenceProxy section */

/* Begin PBXResourcesBuildPhase section */
		F6848A702214460400DD1EEA /* Resources */ = {
			isa = PBXResourcesBuildPhase;
			buildActionMask = 2147483647;
			files = (
			);
			runOnlyForDeploymentPostprocessing = 0;
		};
		F6848A792214460400DD1EEA /* Resources */ = {
			isa = PBXResourcesBuildPhase;
			buildActionMask = 2147483647;
			files = (
			);
			runOnlyForDeploymentPostprocessing = 0;
		};
/* End PBXResourcesBuildPhase section */

/* Begin PBXSourcesBuildPhase section */
		F6848A6E2214460400DD1EEA /* Sources */ = {
			isa = PBXSourcesBuildPhase;
			buildActionMask = 2147483647;
			files = (
				F6848A952214464F00DD1EEA /* DataProvider.swift in Sources */,
				F6848AA2221447CE00DD1EEA /* Module.swift in Sources */,
				F6848A942214464F00DD1EEA /* Email.xcdatamodeld in Sources */,
				F6848A932214464F00DD1EEA /* EmailPersistanceContainer.swift in Sources */,
			);
			runOnlyForDeploymentPostprocessing = 0;
		};
		F6848A772214460400DD1EEA /* Sources */ = {
			isa = PBXSourcesBuildPhase;
			buildActionMask = 2147483647;
			files = (
				F6848A812214460400DD1EEA /* EmailSyncTests.swift in Sources */,
			);
			runOnlyForDeploymentPostprocessing = 0;
		};
/* End PBXSourcesBuildPhase section */

/* Begin PBXTargetDependency section */
		F6848A7E2214460400DD1EEA /* PBXTargetDependency */ = {
			isa = PBXTargetDependency;
			target = F6848A712214460400DD1EEA /* EmailSync */;
			targetProxy = F6848A7D2214460400DD1EEA /* PBXContainerItemProxy */;
		};
/* End PBXTargetDependency section */

/* Begin XCBuildConfiguration section */
		F6848A842214460400DD1EEA /* Debug */ = {
			isa = XCBuildConfiguration;
			buildSettings = {
				ALWAYS_SEARCH_USER_PATHS = NO;
				CLANG_ANALYZER_NONNULL = YES;
				CLANG_ANALYZER_NUMBER_OBJECT_CONVERSION = YES_AGGRESSIVE;
				CLANG_CXX_LANGUAGE_STANDARD = "gnu++14";
				CLANG_CXX_LIBRARY = "libc++";
				CLANG_ENABLE_MODULES = YES;
				CLANG_ENABLE_OBJC_ARC = YES;
				CLANG_ENABLE_OBJC_WEAK = YES;
				CLANG_WARN_BLOCK_CAPTURE_AUTORELEASING = YES;
				CLANG_WARN_BOOL_CONVERSION = YES;
				CLANG_WARN_COMMA = YES;
				CLANG_WARN_CONSTANT_CONVERSION = YES;
				CLANG_WARN_DEPRECATED_OBJC_IMPLEMENTATIONS = YES;
				CLANG_WARN_DIRECT_OBJC_ISA_USAGE = YES_ERROR;
				CLANG_WARN_DOCUMENTATION_COMMENTS = YES;
				CLANG_WARN_EMPTY_BODY = YES;
				CLANG_WARN_ENUM_CONVERSION = YES;
				CLANG_WARN_INFINITE_RECURSION = YES;
				CLANG_WARN_INT_CONVERSION = YES;
				CLANG_WARN_NON_LITERAL_NULL_CONVERSION = YES;
				CLANG_WARN_OBJC_IMPLICIT_RETAIN_SELF = YES;
				CLANG_WARN_OBJC_LITERAL_CONVERSION = YES;
				CLANG_WARN_OBJC_ROOT_CLASS = YES_ERROR;
				CLANG_WARN_RANGE_LOOP_ANALYSIS = YES;
				CLANG_WARN_STRICT_PROTOTYPES = YES;
				CLANG_WARN_SUSPICIOUS_MOVE = YES;
				CLANG_WARN_UNGUARDED_AVAILABILITY = YES_AGGRESSIVE;
				CLANG_WARN_UNREACHABLE_CODE = YES;
				CLANG_WARN__DUPLICATE_METHOD_MATCH = YES;
				CODE_SIGN_IDENTITY = "iPhone Developer";
				COPY_PHASE_STRIP = NO;
				CURRENT_PROJECT_VERSION = 1;
				DEBUG_INFORMATION_FORMAT = dwarf;
				ENABLE_STRICT_OBJC_MSGSEND = YES;
				ENABLE_TESTABILITY = YES;
				GCC_C_LANGUAGE_STANDARD = gnu11;
				GCC_DYNAMIC_NO_PIC = NO;
				GCC_NO_COMMON_BLOCKS = YES;
				GCC_OPTIMIZATION_LEVEL = 0;
				GCC_PREPROCESSOR_DEFINITIONS = (
					"DEBUG=1",
					"$(inherited)",
				);
				GCC_WARN_64_TO_32_BIT_CONVERSION = YES;
				GCC_WARN_ABOUT_RETURN_TYPE = YES_ERROR;
				GCC_WARN_UNDECLARED_SELECTOR = YES;
				GCC_WARN_UNINITIALIZED_AUTOS = YES_AGGRESSIVE;
				GCC_WARN_UNUSED_FUNCTION = YES;
				GCC_WARN_UNUSED_VARIABLE = YES;
				IPHONEOS_DEPLOYMENT_TARGET = 12.1;
				MTL_ENABLE_DEBUG_INFO = INCLUDE_SOURCE;
				MTL_FAST_MATH = YES;
				ONLY_ACTIVE_ARCH = YES;
				SDKROOT = iphoneos;
				SWIFT_ACTIVE_COMPILATION_CONDITIONS = DEBUG;
				SWIFT_OPTIMIZATION_LEVEL = "-Onone";
				VERSIONING_SYSTEM = "apple-generic";
				VERSION_INFO_PREFIX = "";
			};
			name = Debug;
		};
		F6848A852214460400DD1EEA /* Release */ = {
			isa = XCBuildConfiguration;
			buildSettings = {
				ALWAYS_SEARCH_USER_PATHS = NO;
				CLANG_ANALYZER_NONNULL = YES;
				CLANG_ANALYZER_NUMBER_OBJECT_CONVERSION = YES_AGGRESSIVE;
				CLANG_CXX_LANGUAGE_STANDARD = "gnu++14";
				CLANG_CXX_LIBRARY = "libc++";
				CLANG_ENABLE_MODULES = YES;
				CLANG_ENABLE_OBJC_ARC = YES;
				CLANG_ENABLE_OBJC_WEAK = YES;
				CLANG_WARN_BLOCK_CAPTURE_AUTORELEASING = YES;
				CLANG_WARN_BOOL_CONVERSION = YES;
				CLANG_WARN_COMMA = YES;
				CLANG_WARN_CONSTANT_CONVERSION = YES;
				CLANG_WARN_DEPRECATED_OBJC_IMPLEMENTATIONS = YES;
				CLANG_WARN_DIRECT_OBJC_ISA_USAGE = YES_ERROR;
				CLANG_WARN_DOCUMENTATION_COMMENTS = YES;
				CLANG_WARN_EMPTY_BODY = YES;
				CLANG_WARN_ENUM_CONVERSION = YES;
				CLANG_WARN_INFINITE_RECURSION = YES;
				CLANG_WARN_INT_CONVERSION = YES;
				CLANG_WARN_NON_LITERAL_NULL_CONVERSION = YES;
				CLANG_WARN_OBJC_IMPLICIT_RETAIN_SELF = YES;
				CLANG_WARN_OBJC_LITERAL_CONVERSION = YES;
				CLANG_WARN_OBJC_ROOT_CLASS = YES_ERROR;
				CLANG_WARN_RANGE_LOOP_ANALYSIS = YES;
				CLANG_WARN_STRICT_PROTOTYPES = YES;
				CLANG_WARN_SUSPICIOUS_MOVE = YES;
				CLANG_WARN_UNGUARDED_AVAILABILITY = YES_AGGRESSIVE;
				CLANG_WARN_UNREACHABLE_CODE = YES;
				CLANG_WARN__DUPLICATE_METHOD_MATCH = YES;
				CODE_SIGN_IDENTITY = "iPhone Developer";
				COPY_PHASE_STRIP = NO;
				CURRENT_PROJECT_VERSION = 1;
				DEBUG_INFORMATION_FORMAT = "dwarf-with-dsym";
				ENABLE_NS_ASSERTIONS = NO;
				ENABLE_STRICT_OBJC_MSGSEND = YES;
				GCC_C_LANGUAGE_STANDARD = gnu11;
				GCC_NO_COMMON_BLOCKS = YES;
				GCC_WARN_64_TO_32_BIT_CONVERSION = YES;
				GCC_WARN_ABOUT_RETURN_TYPE = YES_ERROR;
				GCC_WARN_UNDECLARED_SELECTOR = YES;
				GCC_WARN_UNINITIALIZED_AUTOS = YES_AGGRESSIVE;
				GCC_WARN_UNUSED_FUNCTION = YES;
				GCC_WARN_UNUSED_VARIABLE = YES;
				IPHONEOS_DEPLOYMENT_TARGET = 12.1;
				MTL_ENABLE_DEBUG_INFO = NO;
				MTL_FAST_MATH = YES;
				SDKROOT = iphoneos;
				SWIFT_COMPILATION_MODE = wholemodule;
				SWIFT_OPTIMIZATION_LEVEL = "-O";
				VALIDATE_PRODUCT = YES;
				VERSIONING_SYSTEM = "apple-generic";
				VERSION_INFO_PREFIX = "";
			};
			name = Release;
		};
		F6848A872214460400DD1EEA /* Debug */ = {
			isa = XCBuildConfiguration;
			buildSettings = {
				CODE_SIGN_IDENTITY = "";
				CODE_SIGN_STYLE = Automatic;
				DEFINES_MODULE = YES;
				DYLIB_COMPATIBILITY_VERSION = 1;
				DYLIB_CURRENT_VERSION = 1;
				DYLIB_INSTALL_NAME_BASE = "@rpath";
				INFOPLIST_FILE = EmailSync/Info.plist;
				INSTALL_PATH = "$(LOCAL_LIBRARY_DIR)/Frameworks";
				LD_RUNPATH_SEARCH_PATHS = (
					"$(inherited)",
					"@executable_path/Frameworks",
					"@loader_path/Frameworks",
				);
				PRODUCT_BUNDLE_IDENTIFIER = app.1und1.EmailSync;
				PRODUCT_NAME = "$(TARGET_NAME:c99extidentifier)";
				SKIP_INSTALL = YES;
				SWIFT_VERSION = 4.2;
				TARGETED_DEVICE_FAMILY = "1,2";
			};
			name = Debug;
		};
		F6848A882214460400DD1EEA /* Release */ = {
			isa = XCBuildConfiguration;
			buildSettings = {
				CODE_SIGN_IDENTITY = "";
				CODE_SIGN_STYLE = Automatic;
				DEFINES_MODULE = YES;
				DYLIB_COMPATIBILITY_VERSION = 1;
				DYLIB_CURRENT_VERSION = 1;
				DYLIB_INSTALL_NAME_BASE = "@rpath";
				INFOPLIST_FILE = EmailSync/Info.plist;
				INSTALL_PATH = "$(LOCAL_LIBRARY_DIR)/Frameworks";
				LD_RUNPATH_SEARCH_PATHS = (
					"$(inherited)",
					"@executable_path/Frameworks",
					"@loader_path/Frameworks",
				);
				PRODUCT_BUNDLE_IDENTIFIER = app.1und1.EmailSync;
				PRODUCT_NAME = "$(TARGET_NAME:c99extidentifier)";
				SKIP_INSTALL = YES;
				SWIFT_VERSION = 4.2;
				TARGETED_DEVICE_FAMILY = "1,2";
			};
			name = Release;
		};
		F6848A8A2214460400DD1EEA /* Debug */ = {
			isa = XCBuildConfiguration;
			buildSettings = {
				ALWAYS_EMBED_SWIFT_STANDARD_LIBRARIES = YES;
				CODE_SIGN_STYLE = Automatic;
				INFOPLIST_FILE = EmailSyncTests/Info.plist;
				LD_RUNPATH_SEARCH_PATHS = (
					"$(inherited)",
					"@executable_path/Frameworks",
					"@loader_path/Frameworks",
				);
				PRODUCT_BUNDLE_IDENTIFIER = app.1und1.EmailSyncTests;
				PRODUCT_NAME = "$(TARGET_NAME)";
				SWIFT_VERSION = 4.2;
				TARGETED_DEVICE_FAMILY = "1,2";
			};
			name = Debug;
		};
		F6848A8B2214460400DD1EEA /* Release */ = {
			isa = XCBuildConfiguration;
			buildSettings = {
				ALWAYS_EMBED_SWIFT_STANDARD_LIBRARIES = YES;
				CODE_SIGN_STYLE = Automatic;
				INFOPLIST_FILE = EmailSyncTests/Info.plist;
				LD_RUNPATH_SEARCH_PATHS = (
					"$(inherited)",
					"@executable_path/Frameworks",
					"@loader_path/Frameworks",
				);
				PRODUCT_BUNDLE_IDENTIFIER = app.1und1.EmailSyncTests;
				PRODUCT_NAME = "$(TARGET_NAME)";
				SWIFT_VERSION = 4.2;
				TARGETED_DEVICE_FAMILY = "1,2";
			};
			name = Release;
		};
/* End XCBuildConfiguration section */

/* Begin XCConfigurationList section */
		F6848A6C2214460300DD1EEA /* Build configuration list for PBXProject "EmailSync" */ = {
			isa = XCConfigurationList;
			buildConfigurations = (
				F6848A842214460400DD1EEA /* Debug */,
				F6848A852214460400DD1EEA /* Release */,
			);
			defaultConfigurationIsVisible = 0;
			defaultConfigurationName = Release;
		};
		F6848A862214460400DD1EEA /* Build configuration list for PBXNativeTarget "EmailSync" */ = {
			isa = XCConfigurationList;
			buildConfigurations = (
				F6848A872214460400DD1EEA /* Debug */,
				F6848A882214460400DD1EEA /* Release */,
			);
			defaultConfigurationIsVisible = 0;
			defaultConfigurationName = Release;
		};
		F6848A892214460400DD1EEA /* Build configuration list for PBXNativeTarget "EmailSyncTests" */ = {
			isa = XCConfigurationList;
			buildConfigurations = (
				F6848A8A2214460400DD1EEA /* Debug */,
				F6848A8B2214460400DD1EEA /* Release */,
			);
			defaultConfigurationIsVisible = 0;
			defaultConfigurationName = Release;
		};
/* End XCConfigurationList section */

/* Begin XCVersionGroup section */
		F6848A902214464F00DD1EEA /* Email.xcdatamodeld */ = {
			isa = XCVersionGroup;
			children = (
				F6848A912214464F00DD1EEA /* Email.xcdatamodel */,
			);
			currentVersion = F6848A912214464F00DD1EEA /* Email.xcdatamodel */;
			path = Email.xcdatamodeld;
			sourceTree = "<group>";
			versionGroupType = wrapper.xcdatamodel;
		};
/* End XCVersionGroup section */
	};
	rootObject = F6848A692214460300DD1EEA /* Project object */;
}
